
Microsoft Visual Studio Solution File, Format Version 12.00
Project("{2150E333-8FDC-42A3-9474-1A3956D46DE8}") = "DataAccessLayer", "DataAccessLayer", "{FB1A8F53-0A32-48D4-ADA8-1FFCDC5FE27D}"
EndProject
Project("{FAE04EC0-301F-11D3-BF4B-00C04F79EFBC}") = "NewsAggregationApplication.Data", "NewsAggregationApplication.Data\NewsAggregationApplication.Data.csproj", "{3D7AE2D7-ACE8-4792-9119-AD4679E27611}"
EndProject
Project("{FAE04EC0-301F-11D3-BF4B-00C04F79EFBC}") = "NewsAggregationApplication.Application", "NewsAggregationApplication.Application\NewsAggregationApplication.Application.csproj", "{79C32A93-17AB-4014-B5E5-CB562A2ADCBB}"
EndProject
Project("{FAE04EC0-301F-11D3-BF4B-00C04F79EFBC}") = "NewsAggregationApplication.UI", "NewsAggregationApplication.UI\NewsAggregationApplication.UI.csproj", "{E2E21DAE-4A99-4F5F-96BB-62412C1EBD2E}"
EndProject
Project("{FAE04EC0-301F-11D3-BF4B-00C04F79EFBC}") = "NewsAggregationApplication.UI.Models", "NewsAggregationApplication.UI.Models\NewsAggregationApplication.UI.Models.csproj", "{E0F1E399-37AA-4257-B2B5-7216302C22D9}"
EndProject
Project("{2150E333-8FDC-42A3-9474-1A3956D46DE8}") = "Tests", "Tests", "{588CBE70-6AA6-45D5-91FE-BB8D55632115}"
EndProject
Project("{FAE04EC0-301F-11D3-BF4B-00C04F79EFBC}") = "NewsAggregationApplication.Application.Tests", "NewsAggregationApplication.Application.Tests\NewsAggregationApplication.Application.Tests.csproj", "{00731816-8FF0-4F77-BB4B-A939C7966F38}"
EndProject
Global
	GlobalSection(SolutionConfigurationPlatforms) = preSolution
		Debug|Any CPU = Debug|Any CPU
		Release|Any CPU = Release|Any CPU
	EndGlobalSection
	GlobalSection(NestedProjects) = preSolution
		{3D7AE2D7-ACE8-4792-9119-AD4679E27611} = {FB1A8F53-0A32-48D4-ADA8-1FFCDC5FE27D}
		{00731816-8FF0-4F77-BB4B-A939C7966F38} = {588CBE70-6AA6-45D5-91FE-BB8D55632115}
	EndGlobalSection
	GlobalSection(ProjectConfigurationPlatforms) = postSolution
		{3D7AE2D7-ACE8-4792-9119-AD4679E27611}.Debug|Any CPU.ActiveCfg = Debug|Any CPU
		{3D7AE2D7-ACE8-4792-9119-AD4679E27611}.Debug|Any CPU.Build.0 = Debug|Any CPU
		{3D7AE2D7-ACE8-4792-9119-AD4679E27611}.Release|Any CPU.ActiveCfg = Release|Any CPU
		{3D7AE2D7-ACE8-4792-9119-AD4679E27611}.Release|Any CPU.Build.0 = Release|Any CPU
		{79C32A93-17AB-4014-B5E5-CB562A2ADCBB}.Debug|Any CPU.ActiveCfg = Debug|Any CPU
		{79C32A93-17AB-4014-B5E5-CB562A2ADCBB}.Debug|Any CPU.Build.0 = Debug|Any CPU
		{79C32A93-17AB-4014-B5E5-CB562A2ADCBB}.Release|Any CPU.ActiveCfg = Release|Any CPU
		{79C32A93-17AB-4014-B5E5-CB562A2ADCBB}.Release|Any CPU.Build.0 = Release|Any CPU
		{E2E21DAE-4A99-4F5F-96BB-62412C1EBD2E}.Debug|Any CPU.ActiveCfg = Debug|Any CPU
		{E2E21DAE-4A99-4F5F-96BB-62412C1EBD2E}.Debug|Any CPU.Build.0 = Debug|Any CPU
		{E2E21DAE-4A99-4F5F-96BB-62412C1EBD2E}.Release|Any CPU.ActiveCfg = Release|Any CPU
		{E2E21DAE-4A99-4F5F-96BB-62412C1EBD2E}.Release|Any CPU.Build.0 = Release|Any CPU
		{E0F1E399-37AA-4257-B2B5-7216302C22D9}.Debug|Any CPU.ActiveCfg = Debug|Any CPU
		{E0F1E399-37AA-4257-B2B5-7216302C22D9}.Debug|Any CPU.Build.0 = Debug|Any CPU
		{E0F1E399-37AA-4257-B2B5-7216302C22D9}.Release|Any CPU.ActiveCfg = Release|Any CPU
		{E0F1E399-37AA-4257-B2B5-7216302C22D9}.Release|Any CPU.Build.0 = Release|Any CPU
		{00731816-8FF0-4F77-BB4B-A939C7966F38}.Debug|Any CPU.ActiveCfg = Debug|Any CPU
		{00731816-8FF0-4F77-BB4B-A939C7966F38}.Debug|Any CPU.Build.0 = Debug|Any CPU
		{00731816-8FF0-4F77-BB4B-A939C7966F38}.Release|Any CPU.ActiveCfg = Release|Any CPU
		{00731816-8FF0-4F77-BB4B-A939C7966F38}.Release|Any CPU.Build.0 = Release|Any CPU
	EndGlobalSection
EndGlobal
